
Microsoft Visual Studio Solution File, Format Version 12.00
# Visual Studio Version 16
VisualStudioVersion = 16.0.29519.87
MinimumVisualStudioVersion = 10.0.40219.1
Project("{9A19103F-16F7-4668-BE54-9A1E7A4F7556}") = "QuestionServer", "QuestionServer\QuestionServer.csproj", "{ADA90BF2-98DD-4270-BE8E-DB7144B15B84}"
EndProject
Project("{9A19103F-16F7-4668-BE54-9A1E7A4F7556}") = "QuestionServerClient", "QuestionServerClient\QuestionServerClient.csproj", "{3049D79F-E4A3-4465-8DBD-E80C907E28B3}"
EndProject
Project("{FAE04EC0-301F-11D3-BF4B-00C04F79EFBC}") = "QuestionApi.ProtoFucks", "QuestionApi.ProtoFucks\QuestionApi.ProtoFucks.csproj", "{B8B304F0-AF72-4449-A9E4-D3477DD5A1C2}"
EndProject
Global
	GlobalSection(SolutionConfigurationPlatforms) = preSolution
		Debug|Any CPU = Debug|Any CPU
		Release|Any CPU = Release|Any CPU
	EndGlobalSection
	GlobalSection(ProjectConfigurationPlatforms) = postSolution
		{ADA90BF2-98DD-4270-BE8E-DB7144B15B84}.Debug|Any CPU.ActiveCfg = Debug|Any CPU
		{ADA90BF2-98DD-4270-BE8E-DB7144B15B84}.Debug|Any CPU.Build.0 = Debug|Any CPU
		{ADA90BF2-98DD-4270-BE8E-DB7144B15B84}.Release|Any CPU.ActiveCfg = Release|Any CPU
		{ADA90BF2-98DD-4270-BE8E-DB7144B15B84}.Release|Any CPU.Build.0 = Release|Any CPU
		{3049D79F-E4A3-4465-8DBD-E80C907E28B3}.Debug|Any CPU.ActiveCfg = Debug|Any CPU
		{3049D79F-E4A3-4465-8DBD-E80C907E28B3}.Debug|Any CPU.Build.0 = Debug|Any CPU
		{3049D79F-E4A3-4465-8DBD-E80C907E28B3}.Release|Any CPU.ActiveCfg = Release|Any CPU
		{3049D79F-E4A3-4465-8DBD-E80C907E28B3}.Release|Any CPU.Build.0 = Release|Any CPU
		{B8B304F0-AF72-4449-A9E4-D3477DD5A1C2}.Debug|Any CPU.ActiveCfg = Debug|Any CPU
		{B8B304F0-AF72-4449-A9E4-D3477DD5A1C2}.Debug|Any CPU.Build.0 = Debug|Any CPU
		{B8B304F0-AF72-4449-A9E4-D3477DD5A1C2}.Release|Any CPU.ActiveCfg = Release|Any CPU
		{B8B304F0-AF72-4449-A9E4-D3477DD5A1C2}.Release|Any CPU.Build.0 = Release|Any CPU
	EndGlobalSection
	GlobalSection(SolutionProperties) = preSolution
		HideSolutionNode = FALSE
	EndGlobalSection
	GlobalSection(ExtensibilityGlobals) = postSolution
		SolutionGuid = {A3D3AB6A-92F4-428E-8D26-D0ED1B99B3F8}
	EndGlobalSection
EndGlobal
