
Microsoft Visual Studio Solution File, Format Version 12.00
# Visual Studio 15
VisualStudioVersion = 15.0.28010.2046
MinimumVisualStudioVersion = 10.0.40219.1
Project("{FAE04EC0-301F-11D3-BF4B-00C04F79EFBC}") = "LandonApi", "LandonApi\LandonApi.csproj", "{E1DFA0BE-8CCF-46C1-8278-E22DF1BF3705}"
EndProject
Global
	GlobalSection(SolutionConfigurationPlatforms) = preSolution
		Debug|Any CPU = Debug|Any CPU
		Release|Any CPU = Release|Any CPU
	EndGlobalSection
	GlobalSection(ProjectConfigurationPlatforms) = postSolution
		{E1DFA0BE-8CCF-46C1-8278-E22DF1BF3705}.Debug|Any CPU.ActiveCfg = Debug|Any CPU
		{E1DFA0BE-8CCF-46C1-8278-E22DF1BF3705}.Debug|Any CPU.Build.0 = Debug|Any CPU
		{E1DFA0BE-8CCF-46C1-8278-E22DF1BF3705}.Release|Any CPU.ActiveCfg = Release|Any CPU
		{E1DFA0BE-8CCF-46C1-8278-E22DF1BF3705}.Release|Any CPU.Build.0 = Release|Any CPU
	EndGlobalSection
	GlobalSection(SolutionProperties) = preSolution
		HideSolutionNode = FALSE
	EndGlobalSection
	GlobalSection(ExtensibilityGlobals) = postSolution
		SolutionGuid = {0333E668-AE9A-4038-87CE-FE36918F282E}
	EndGlobalSection
EndGlobal
